{
  "version": 4,
  "terraform_version": "1.1.6",
  "serial": 114,
  "lineage": "ac5a2bfa-53d2-d032-6dc6-4bfa1263f600",
  "outputs": {
    "kubernetes_cluster_host": {
      "value": "35.187.224.142",
      "type": "string"
    },
    "kubernetes_cluster_name": {
      "value": "practice-354303-gke",
      "type": "string"
    },
    "project_id": {
      "value": "practice-354303",
      "type": "string"
    },
    "region": {
      "value": "asia-southeast1",
      "type": "string"
    }
  },
  "resources": [
    {
      "mode": "managed",
      "type": "google_compute_network",
      "name": "vpc",
      "provider": "provider[\"registry.terraform.io/hashicorp/google\"]",
      "instances": [
        {
          "schema_version": 0,
          "attributes": {
            "auto_create_subnetworks": false,
            "delete_default_routes_on_create": false,
            "description": "",
            "gateway_ipv4": "",
            "id": "projects/practice-354303/global/networks/practice-354303-vpc",
            "mtu": 0,
            "name": "practice-354303-vpc",
            "project": "practice-354303",
            "routing_mode": "REGIONAL",
            "self_link": "https://www.googleapis.com/compute/v1/projects/practice-354303/global/networks/practice-354303-vpc",
            "timeouts": null
          },
          "sensitive_attributes": [],
          "private": "eyJlMmJmYjczMC1lY2FhLTExZTYtOGY4OC0zNDM2M2JjN2M0YzAiOnsiY3JlYXRlIjoyNDAwMDAwMDAwMDAsImRlbGV0ZSI6MjQwMDAwMDAwMDAwLCJ1cGRhdGUiOjI0MDAwMDAwMDAwMH19"
        }
      ]
    },
    {
      "mode": "managed",
      "type": "google_compute_subnetwork",
      "name": "subnet",
      "provider": "provider[\"registry.terraform.io/hashicorp/google\"]",
      "instances": [
        {
          "schema_version": 0,
          "attributes": {
            "creation_timestamp": "2022-07-14T21:12:56.825-07:00",
            "description": "",
            "fingerprint": null,
            "gateway_address": "10.10.0.1",
            "id": "projects/practice-354303/regions/asia-southeast1/subnetworks/practice-354303-subnet",
            "ip_cidr_range": "10.10.0.0/24",
            "log_config": [],
            "name": "practice-354303-subnet",
            "network": "https://www.googleapis.com/compute/v1/projects/practice-354303/global/networks/practice-354303-vpc",
            "private_ip_google_access": false,
            "private_ipv6_google_access": "DISABLE_GOOGLE_ACCESS",
            "project": "practice-354303",
            "region": "asia-southeast1",
            "secondary_ip_range": [],
            "self_link": "https://www.googleapis.com/compute/v1/projects/practice-354303/regions/asia-southeast1/subnetworks/practice-354303-subnet",
            "timeouts": null
          },
          "sensitive_attributes": [],
          "private": "eyJlMmJmYjczMC1lY2FhLTExZTYtOGY4OC0zNDM2M2JjN2M0YzAiOnsiY3JlYXRlIjozNjAwMDAwMDAwMDAsImRlbGV0ZSI6MzYwMDAwMDAwMDAwLCJ1cGRhdGUiOjM2MDAwMDAwMDAwMH19",
          "dependencies": [
            "google_compute_network.vpc"
          ]
        }
      ]
    },
    {
      "mode": "managed",
      "type": "google_container_cluster",
      "name": "primary",
      "provider": "provider[\"registry.terraform.io/hashicorp/google\"]",
      "instances": [
        {
          "schema_version": 1,
          "attributes": {
            "addons_config": [
              {
                "cloudrun_config": [],
                "horizontal_pod_autoscaling": [],
                "http_load_balancing": [],
                "network_policy_config": [
                  {
                    "disabled": true
                  }
                ]
              }
            ],
            "authenticator_groups_config": [],
            "cluster_autoscaling": [
              {
                "auto_provisioning_defaults": [],
                "enabled": false,
                "resource_limits": []
              }
            ],
            "cluster_ipv4_cidr": "10.248.0.0/14",
            "database_encryption": [
              {
                "key_name": "",
                "state": "DECRYPTED"
              }
            ],
            "default_max_pods_per_node": 110,
            "description": "",
            "enable_binary_authorization": false,
            "enable_intranode_visibility": null,
            "enable_kubernetes_alpha": false,
            "enable_legacy_abac": false,
            "enable_shielded_nodes": false,
            "enable_tpu": null,
            "endpoint": "35.187.224.142",
            "id": "projects/practice-354303/locations/asia-southeast1/clusters/practice-354303-gke",
            "initial_node_count": 1,
            "instance_group_urls": [],
            "ip_allocation_policy": [
              {
                "cluster_ipv4_cidr_block": "10.248.0.0/14",
                "cluster_secondary_range_name": "gke-practice-354303-gke-pods-57a59ce5",
                "services_ipv4_cidr_block": "10.252.0.0/20",
                "services_secondary_range_name": "gke-practice-354303-gke-services-57a59ce5"
              }
            ],
            "label_fingerprint": "a9dc16a7",
            "location": "asia-southeast1",
            "logging_service": "logging.googleapis.com/kubernetes",
            "maintenance_policy": [],
            "master_auth": [
              {
                "client_certificate": "",
                "client_certificate_config": [
                  {
                    "issue_client_certificate": false
                  }
                ],
                "client_key": "",
                "cluster_ca_certificate": "LS0tLS1CRUdJTiBDRVJUSUZJQ0FURS0tLS0tCk1JSUVMVENDQXBXZ0F3SUJBZ0lSQUtCc1dva094WU1UZkV6RjRTT2prbmN3RFFZSktvWklodmNOQVFFTEJRQXcKTHpFdE1Dc0dBMVVFQXhNa01UTTNZemhoTnpFdE1qQmpPUzAwWm1KaExXRXlOVEl0T1RnME5tVmpNRGxpTXpSagpNQ0FYRFRJeU1EY3hOVEF6TVRNeU1Wb1lEekl3TlRJd056QTNNRFF4TXpJeFdqQXZNUzB3S3dZRFZRUURFeVF4Ck16ZGpPR0UzTVMweU1HTTVMVFJtWW1FdFlUSTFNaTA1T0RRMlpXTXdPV0l6TkdNd2dnR2lNQTBHQ1NxR1NJYjMKRFFFQkFRVUFBNElCandBd2dnR0tBb0lCZ1FEQU9aV3d0UVUxekk1RmlCVnRSUlp5TVpkbFVIaWZHeXV2UXU0VApTaXZyYnUvRVp2eXExUlVKYlFsL0Nob2NMQ2Fvby95KzdzWVVxUUl5b2dsaklRd0hCL1lmdmhwYURrZysxU0k2Cnk2ZWVQWEVYV2hYZWkrMXBEZnVBelZCelRxVFR1UU1nUjI1S3V3YTVleTNwbGZWaTdYVlRIOFJxcUp0eXlyd2gKblZIblRyeTZ2SXJ3ZFVnMmhCQlI1RmoyMkM5b2MxWExDODhiVVlnSUkva0gwbXcxZ2NSU0RpSi9EcnczcVdsVwpiOFdRM0FLVGQvemduMUNIbGpsNFJ0YmhGY3d3OEJGa21yOGRvVzhoRXB0K3V6V3JMbSs4SGNaVVl1bUVWd0UvCnFHMGlkSyttcEQxODJ6RHFaMjg5K3U4SG5ZV3RnWTZ0Rzl0MW5WOWVvNW9Na3NPVzdqYkdKV1g0K1k3V1JlYVUKTU9jWU9qWW5PUGc4cXpYcUd6RnMvV3liYnRrcFRmRmg3YXVuWlM0U09hQ3djYnU2aDZLYW9FakVVUzV4NzVrMgowaUtSTVNNWmU0WmczU0Y5THZ1MjJ4WXdkREs3c0JsTlU3SHRNMXoybTNRSzI5T2dFbXNwTlZWVXQ3bGdBeVBuClc3N0R4RW5iNURObHNsRXp1Q3F1ZUpyd01RVUNBd0VBQWFOQ01FQXdEZ1lEVlIwUEFRSC9CQVFEQWdJRU1BOEcKQTFVZEV3RUIvd1FGTUFNQkFmOHdIUVlEVlIwT0JCWUVGR0wySVdNNmlIQnh6RlhIbDV4My9odXdPWlhoTUEwRwpDU3FHU0liM0RRRUJDd1VBQTRJQmdRQ2FaWEdsWEt5Y2xQZ0hWSW04b2l0UzN4V2VvdzEvOW9VRHJlWSs3a2FWCnpUWHdlQ1VZd2pMWW9JMlVVT1ZJWktMOG1iWVB3YzY2SDdlZnFkNlF6R3Z5NGVxYU9MbzJLTGRQYnhTbUZIYkQKNmJ2RVJscUlweUZPRzFYUzZ3eHhWSTBnVUp2K0hEUlRQVHdyc25Td2RJTHcvMU5CVEkrYnRUOWZ2bVcvSW1BOApxODNrTGVOM2xtUVRxcTM1ckRWSE5EaVRHaEpKbTZkYWN3UzYyVTVZRzZCRUxkbmZzRXFzMlBxazJ2eFV0ZUpZCktLcWs5RTJZYVVxMDkyaWlHK1JjeUE1MzFBTGF3Vjh3cmlCQXVJQk1IempVajF5UUJteHZBaTdXdTNueGlXVW8KUVlkL2JxUHl2NExCbS90bjQyNHRBZVByUEJXY3NSamZpNW1ZaklPcUlHbDc3d3pSRC9HdU9ZRDZLRm1FdklUdwo4RGZMUEQ1ZjJjdmN3VDVkdndENFVxQzhoaFhKb0NLWHJTOVBmYW1WVkZQVmtjbERsd1B2UmF0TmUzeHIwYUVuClFoaWg5WTRkOE9MWVZKOVdvL0JMTlhycXNOL2hNVC8vblIrZXN0Zi9wQkxYanhDUE51bUZMWm9BbHk1aC9xQUUKVk1ZY3ZzNmZVdUM4c2oyeStnOHMxOVk9Ci0tLS0tRU5EIENFUlRJRklDQVRFLS0tLS0K",
                "password": "",
                "username": ""
              }
            ],
            "master_authorized_networks_config": [],
            "master_version": "1.22.8-gke.202",
            "min_master_version": null,
            "monitoring_service": "monitoring.googleapis.com/kubernetes",
            "name": "practice-354303-gke",
            "network": "projects/practice-354303/global/networks/practice-354303-vpc",
            "network_policy": [
              {
                "enabled": false,
                "provider": "PROVIDER_UNSPECIFIED"
              }
            ],
            "node_config": [],
            "node_locations": [
              "asia-southeast1-a",
              "asia-southeast1-b",
              "asia-southeast1-c"
            ],
            "node_pool": [],
            "node_version": "1.22.8-gke.202",
            "operation": null,
            "pod_security_policy_config": [],
            "private_cluster_config": [],
            "project": "practice-354303",
            "release_channel": [
              {
                "channel": "REGULAR"
              }
            ],
            "remove_default_node_pool": true,
            "resource_labels": null,
            "resource_usage_export_config": [],
            "self_link": "https://container.googleapis.com/v1beta1/projects/practice-354303/locations/asia-southeast1/clusters/practice-354303-gke",
            "services_ipv4_cidr": "10.252.0.0/20",
            "subnetwork": "projects/practice-354303/regions/asia-southeast1/subnetworks/practice-354303-subnet",
            "timeouts": null,
            "vertical_pod_autoscaling": [],
            "workload_identity_config": []
          },
          "sensitive_attributes": [],
          "private": "eyJlMmJmYjczMC1lY2FhLTExZTYtOGY4OC0zNDM2M2JjN2M0YzAiOnsiY3JlYXRlIjoyNDAwMDAwMDAwMDAwLCJkZWxldGUiOjI0MDAwMDAwMDAwMDAsInJlYWQiOjI0MDAwMDAwMDAwMDAsInVwZGF0ZSI6MzYwMDAwMDAwMDAwMH0sInNjaGVtYV92ZXJzaW9uIjoiMSJ9",
          "dependencies": [
            "google_compute_network.vpc",
            "google_compute_subnetwork.subnet"
          ]
        }
      ]
    },
    {
      "mode": "managed",
      "type": "google_container_node_pool",
      "name": "primary_nodes",
      "provider": "provider[\"registry.terraform.io/hashicorp/google\"]",
      "instances": [
        {
          "schema_version": 1,
          "attributes": {
            "autoscaling": [],
            "cluster": "practice-354303-gke",
            "id": "projects/practice-354303/locations/asia-southeast1/clusters/practice-354303-gke/nodePools/practice-354303-gke-node-pool",
            "initial_node_count": 1,
            "instance_group_urls": [
              "https://www.googleapis.com/compute/v1/projects/practice-354303/zones/asia-southeast1-b/instanceGroupManagers/gke-practice-354303--practice-354303--070ccba4-grp",
              "https://www.googleapis.com/compute/v1/projects/practice-354303/zones/asia-southeast1-a/instanceGroupManagers/gke-practice-354303--practice-354303--4ec44e36-grp",
              "https://www.googleapis.com/compute/v1/projects/practice-354303/zones/asia-southeast1-c/instanceGroupManagers/gke-practice-354303--practice-354303--547d6696-grp"
            ],
            "location": "asia-southeast1",
            "management": [
              {
                "auto_repair": true,
                "auto_upgrade": true
              }
            ],
            "max_pods_per_node": 110,
            "name": "practice-354303-gke-node-pool",
            "name_prefix": "",
            "node_config": [
              {
                "disk_size_gb": 100,
                "disk_type": "pd-standard",
                "guest_accelerator": [],
                "image_type": "COS_CONTAINERD",
                "labels": {
                  "env": "practice-354303"
                },
                "local_ssd_count": 0,
                "machine_type": "e2-small",
                "metadata": {
                  "disable-legacy-endpoints": "true"
                },
                "min_cpu_platform": "",
                "oauth_scopes": [
                  "https://www.googleapis.com/auth/logging.write",
                  "https://www.googleapis.com/auth/monitoring"
                ],
                "preemptible": false,
                "service_account": "default",
                "shielded_instance_config": [
                  {
                    "enable_integrity_monitoring": true,
                    "enable_secure_boot": false
                  }
                ],
                "tags": [
                  "gke-node",
                  "practice-354303-gke"
                ],
                "taint": [],
                "workload_metadata_config": []
              }
            ],
            "node_count": 1,
            "node_locations": [
              "asia-southeast1-a",
              "asia-southeast1-b",
              "asia-southeast1-c"
            ],
            "project": "practice-354303",
            "timeouts": null,
            "upgrade_settings": [
              {
                "max_surge": 1,
                "max_unavailable": 0
              }
            ],
            "version": "1.22.8-gke.202"
          },
          "sensitive_attributes": [],
          "private": "eyJlMmJmYjczMC1lY2FhLTExZTYtOGY4OC0zNDM2M2JjN2M0YzAiOnsiY3JlYXRlIjoxODAwMDAwMDAwMDAwLCJkZWxldGUiOjE4MDAwMDAwMDAwMDAsInVwZGF0ZSI6MTgwMDAwMDAwMDAwMH0sInNjaGVtYV92ZXJzaW9uIjoiMSJ9",
          "dependencies": [
            "google_compute_network.vpc",
            "google_compute_subnetwork.subnet",
            "google_container_cluster.primary"
          ]
        }
      ]
    }
  ]
}
